{
    "_meta": {
        "hash": {
            "sha256": "adedd67059e2f4d30b2879c9e39839890ad2010a6249b3c7e4f40f55333967c1"
        },
        "host-environment-markers": {
            "implementation_name": "cpython",
            "implementation_version": "0",
            "os_name": "posix",
            "platform_machine": "x86_64",
            "platform_python_implementation": "CPython",
            "platform_release": "4.14.19-1-lts",
            "platform_system": "Linux",
            "platform_version": "#1 SMP Tue Feb 13 13:11:52 CET 2018",
            "python_full_version": "2.7.14",
            "python_version": "2.7",
            "sys_platform": "linux2"
        },
        "pipfile-spec": 6,
        "requires": {
            "python_version": "2.7"
        },
        "sources": [
            {
                "name": "pypi",
                "url": "https://pypi.python.org/simple",
                "verify_ssl": true
            }
        ]
    },
    "default": {
        "docopt": {
            "hashes": [
                "sha256:49b3a825280bd66b3aa83585ef59c4a8c82f2c8a522dbe754a8bc8d08c85c491"
            ],
            "version": "==0.6.2"
        },
        "scapy": {
            "git": "https://github.com/Zashas/scapy.git"
        },
        "tatsu": {
            "hashes": [
                "sha256:f304b9a2889c2afadbf893db775f63975da699e409cbf45b264ea6a94ec2a7de",
                "sha256:190f144e3500ece77c66ebcd634ede16e3eec37658fe866731aba0f65a6c5526"
            ],
            "version": "==4.2.5"
        }
    },
    "develop": {}
}
